Microsoft Visual Studio Solution File, Format Version 12.00
# Visual Studio Version 17
VisualStudioVersion = 17.2.32505.173
MinimumVisualStudioVersion = 10.0.40219.1
Project("{2150E333-8FDC-42A3-9474-1A3956D46DE8}") = "Document", "Document", "{E045C21C-936C-4B40-A713-A1949159FFC5}"
EndProject
Project("{2150E333-8FDC-42A3-9474-1A3956D46DE8}") = "Source", "Source", "{C03AC805-B964-4245-9D9A-2550271855FD}"
EndProject
Project("{2150E333-8FDC-42A3-9474-1A3956D46DE8}") = "Test", "Test", "{ADFE524C-0808-47BB-83FB-4450B5F3EB2F}"
EndProject
Project("{2150E333-8FDC-42A3-9474-1A3956D46DE8}") = "Core", "Core", "{287401E4-C38B-48EA-95C1-43762E4DF7FD}"
EndProject
Project("{2150E333-8FDC-42A3-9474-1A3956D46DE8}") = "Common", "Common", "{12597961-9084-4302-B536-FAE2FB479A45}"
EndProject
Project("{2150E333-8FDC-42A3-9474-1A3956D46DE8}") = "Infrastructure", "Infrastructure", "{CC1AB976-9FDF-4928-97C2-7C7A486DB041}"
EndProject
Project("{2150E333-8FDC-42A3-9474-1A3956D46DE8}") = "Presentation", "Presentation", "{113C10CF-F069-417C-BB91-3C0EC8BFB8E5}"
EndProject
Project("{FAE04EC0-301F-11D3-BF4B-00C04F79EFBC}") = "RBProducts.Domain", "RBProducts.Domain\RBProducts.Domain.csproj", "{B366C3EF-6D22-4861-8AB5-7475C750BD97}"
EndProject
Project("{FAE04EC0-301F-11D3-BF4B-00C04F79EFBC}") = "RBProducts.Application", "RBProducts.Application\RBProducts.Application.csproj", "{F67C5C91-74D8-46D1-818D-41AD103CD521}"
EndProject
Project("{FAE04EC0-301F-11D3-BF4B-00C04F79EFBC}") = "RBProducts.Persistence", "RBProducts.Persistence\RBProducts.Persistence.csproj", "{ED3B49EC-2110-4198-9C40-D69423CD2AFF}"
EndProject
Project("{FAE04EC0-301F-11D3-BF4B-00C04F79EFBC}") = "RBProducts.Infrastructure", "RBProducts.Infrastructure\RBProducts.Infrastructure.csproj", "{3E513FB7-A303-4B48-8D8D-9B6627FA2041}"
EndProject
Project("{FAE04EC0-301F-11D3-BF4B-00C04F79EFBC}") = "RBProducts.Endpoint.WebAPI", "RBProducts.Endpoint.WebAPI\RBProducts.Endpoint.WebAPI.csproj", "{DBFCDEC3-79B1-411D-A353-B9AAA5A6239D}"
EndProject
Project("{FAE04EC0-301F-11D3-BF4B-00C04F79EFBC}") = "RBProducts.Common", "RBProducts.Common\RBProducts.Common.csproj", "{C6CA9C15-6E7C-4741-AA4D-8BDDFC8CAD36}"
EndProject
Global
	GlobalSection(SolutionConfigurationPlatforms) = preSolution
		Debug|Any CPU = Debug|Any CPU
		Release|Any CPU = Release|Any CPU
	EndGlobalSection
	GlobalSection(ProjectConfigurationPlatforms) = postSolution
		{B366C3EF-6D22-4861-8AB5-7475C750BD97}.Debug|Any CPU.ActiveCfg = Debug|Any CPU
		{B366C3EF-6D22-4861-8AB5-7475C750BD97}.Debug|Any CPU.Build.0 = Debug|Any CPU
		{B366C3EF-6D22-4861-8AB5-7475C750BD97}.Release|Any CPU.ActiveCfg = Release|Any CPU
		{B366C3EF-6D22-4861-8AB5-7475C750BD97}.Release|Any CPU.Build.0 = Release|Any CPU
		{F67C5C91-74D8-46D1-818D-41AD103CD521}.Debug|Any CPU.ActiveCfg = Debug|Any CPU
		{F67C5C91-74D8-46D1-818D-41AD103CD521}.Debug|Any CPU.Build.0 = Debug|Any CPU
		{F67C5C91-74D8-46D1-818D-41AD103CD521}.Release|Any CPU.ActiveCfg = Release|Any CPU
		{F67C5C91-74D8-46D1-818D-41AD103CD521}.Release|Any CPU.Build.0 = Release|Any CPU
		{ED3B49EC-2110-4198-9C40-D69423CD2AFF}.Debug|Any CPU.ActiveCfg = Debug|Any CPU
		{ED3B49EC-2110-4198-9C40-D69423CD2AFF}.Debug|Any CPU.Build.0 = Debug|Any CPU
		{ED3B49EC-2110-4198-9C40-D69423CD2AFF}.Release|Any CPU.ActiveCfg = Release|Any CPU
		{ED3B49EC-2110-4198-9C40-D69423CD2AFF}.Release|Any CPU.Build.0 = Release|Any CPU
		{3E513FB7-A303-4B48-8D8D-9B6627FA2041}.Debug|Any CPU.ActiveCfg = Debug|Any CPU
		{3E513FB7-A303-4B48-8D8D-9B6627FA2041}.Debug|Any CPU.Build.0 = Debug|Any CPU
		{3E513FB7-A303-4B48-8D8D-9B6627FA2041}.Release|Any CPU.ActiveCfg = Release|Any CPU
		{3E513FB7-A303-4B48-8D8D-9B6627FA2041}.Release|Any CPU.Build.0 = Release|Any CPU
		{DBFCDEC3-79B1-411D-A353-B9AAA5A6239D}.Debug|Any CPU.ActiveCfg = Debug|Any CPU
		{DBFCDEC3-79B1-411D-A353-B9AAA5A6239D}.Debug|Any CPU.Build.0 = Debug|Any CPU
		{DBFCDEC3-79B1-411D-A353-B9AAA5A6239D}.Release|Any CPU.ActiveCfg = Release|Any CPU
		{DBFCDEC3-79B1-411D-A353-B9AAA5A6239D}.Release|Any CPU.Build.0 = Release|Any CPU
		{C6CA9C15-6E7C-4741-AA4D-8BDDFC8CAD36}.Debug|Any CPU.ActiveCfg = Debug|Any CPU
		{C6CA9C15-6E7C-4741-AA4D-8BDDFC8CAD36}.Debug|Any CPU.Build.0 = Debug|Any CPU
		{C6CA9C15-6E7C-4741-AA4D-8BDDFC8CAD36}.Release|Any CPU.ActiveCfg = Release|Any CPU
		{C6CA9C15-6E7C-4741-AA4D-8BDDFC8CAD36}.Release|Any CPU.Build.0 = Release|Any CPU
	EndGlobalSection
	GlobalSection(SolutionProperties) = preSolution
		HideSolutionNode = FALSE
	EndGlobalSection
	GlobalSection(NestedProjects) = preSolution
		{287401E4-C38B-48EA-95C1-43762E4DF7FD} = {C03AC805-B964-4245-9D9A-2550271855FD}
		{12597961-9084-4302-B536-FAE2FB479A45} = {C03AC805-B964-4245-9D9A-2550271855FD}
		{CC1AB976-9FDF-4928-97C2-7C7A486DB041} = {C03AC805-B964-4245-9D9A-2550271855FD}
		{113C10CF-F069-417C-BB91-3C0EC8BFB8E5} = {C03AC805-B964-4245-9D9A-2550271855FD}
		{B366C3EF-6D22-4861-8AB5-7475C750BD97} = {287401E4-C38B-48EA-95C1-43762E4DF7FD}
		{F67C5C91-74D8-46D1-818D-41AD103CD521} = {287401E4-C38B-48EA-95C1-43762E4DF7FD}
		{ED3B49EC-2110-4198-9C40-D69423CD2AFF} = {CC1AB976-9FDF-4928-97C2-7C7A486DB041}
		{3E513FB7-A303-4B48-8D8D-9B6627FA2041} = {CC1AB976-9FDF-4928-97C2-7C7A486DB041}
		{DBFCDEC3-79B1-411D-A353-B9AAA5A6239D} = {113C10CF-F069-417C-BB91-3C0EC8BFB8E5}
		{C6CA9C15-6E7C-4741-AA4D-8BDDFC8CAD36} = {12597961-9084-4302-B536-FAE2FB479A45}
	EndGlobalSection
	GlobalSection(ExtensibilityGlobals) = postSolution
		SolutionGuid = {E76606AB-1A92-4FC2-ACA4-0D62A996F6A8}
	EndGlobalSection
EndGlobal
